
Microsoft Visual Studio Solution File, Format Version 12.00
# Visual Studio Version 17
VisualStudioVersion = 17.3.32721.290
MinimumVisualStudioVersion = 10.0.40219.1
Project("{FAE04EC0-301F-11D3-BF4B-00C04F79EFBC}") = "BulkyWeb", "BulkyWeb\BulkyWeb.csproj", "{5B9FCE9D-3128-4F82-9C6B-34F8BF5ADB51}"
EndProject
Global
	GlobalSection(SolutionConfigurationPlatforms) = preSolution
		Debug|Any CPU = Debug|Any CPU
		Release|Any CPU = Release|Any CPU
	EndGlobalSection
	GlobalSection(ProjectConfigurationPlatforms) = postSolution
		{5B9FCE9D-3128-4F82-9C6B-34F8BF5ADB51}.Debug|Any CPU.ActiveCfg = Debug|Any CPU
		{5B9FCE9D-3128-4F82-9C6B-34F8BF5ADB51}.Debug|Any CPU.Build.0 = Debug|Any CPU
		{5B9FCE9D-3128-4F82-9C6B-34F8BF5ADB51}.Release|Any CPU.ActiveCfg = Release|Any CPU
		{5B9FCE9D-3128-4F82-9C6B-34F8BF5ADB51}.Release|Any CPU.Build.0 = Release|Any CPU
	EndGlobalSection
	GlobalSection(SolutionProperties) = preSolution
		HideSolutionNode = FALSE
	EndGlobalSection
	GlobalSection(ExtensibilityGlobals) = postSolution
		SolutionGuid = {F0BD8F05-CC69-4572-8835-694F719B7E16}
	EndGlobalSection
EndGlobal
